
Microsoft Visual Studio Solution File, Format Version 12.00
# Visual Studio Version 16
VisualStudioVersion = 16.0.29215.179
MinimumVisualStudioVersion = 10.0.40219.1
Project("{FAE04EC0-301F-11D3-BF4B-00C04F79EFBC}") = "XyrilleMamalateo.Midterm.Windows", "XyrilleMamalateo.Midterm.Windows.csproj", "{912007E9-59DE-43EE-B3F3-8066ED7A4DBB}"
EndProject
Global
	GlobalSection(SolutionConfigurationPlatforms) = preSolution
		Debug|Any CPU = Debug|Any CPU
		Release|Any CPU = Release|Any CPU
	EndGlobalSection
	GlobalSection(ProjectConfigurationPlatforms) = postSolution
		{912007E9-59DE-43EE-B3F3-8066ED7A4DBB}.Debug|Any CPU.ActiveCfg = Debug|Any CPU
		{912007E9-59DE-43EE-B3F3-8066ED7A4DBB}.Debug|Any CPU.Build.0 = Debug|Any CPU
		{912007E9-59DE-43EE-B3F3-8066ED7A4DBB}.Release|Any CPU.ActiveCfg = Release|Any CPU
		{912007E9-59DE-43EE-B3F3-8066ED7A4DBB}.Release|Any CPU.Build.0 = Release|Any CPU
	EndGlobalSection
	GlobalSection(SolutionProperties) = preSolution
		HideSolutionNode = FALSE
	EndGlobalSection
	GlobalSection(ExtensibilityGlobals) = postSolution
		SolutionGuid = {D121347F-A616-4ADD-88A7-92D5F653A0AB}
	EndGlobalSection
EndGlobal
